
Microsoft Visual Studio Solution File, Format Version 12.00
Project("{FAE04EC0-301F-11D3-BF4B-00C04F79EFBC}") = "ToDo.AppHost", "ToDo.AppHost\ToDo.AppHost.csproj", "{2FF889A6-27E0-465C-BCC8-4602B6A1D7E4}"
EndProject
Project("{FAE04EC0-301F-11D3-BF4B-00C04F79EFBC}") = "ToDo.ServiceDefaults", "ToDo.ServiceDefaults\ToDo.ServiceDefaults.csproj", "{2CDDCE82-3DAB-4EAE-88BF-3229DE1673CC}"
EndProject
Project("{FAE04EC0-301F-11D3-BF4B-00C04F79EFBC}") = "ToDo.Api", "ToDo.Api\ToDo.Api.csproj", "{12ACDB8E-7912-4C58-9ECB-7C8350AE7587}"
EndProject
Project("{FAE04EC0-301F-11D3-BF4B-00C04F79EFBC}") = "ToDo.Web", "ToDo.Web\ToDo.Web.csproj", "{3FFD314F-9547-43D6-B549-B45F5A0F0515}"
EndProject
Global
	GlobalSection(SolutionConfigurationPlatforms) = preSolution
		Debug|Any CPU = Debug|Any CPU
		Release|Any CPU = Release|Any CPU
	EndGlobalSection
	GlobalSection(ProjectConfigurationPlatforms) = postSolution
		{2FF889A6-27E0-465C-BCC8-4602B6A1D7E4}.Debug|Any CPU.ActiveCfg = Debug|Any CPU
		{2FF889A6-27E0-465C-BCC8-4602B6A1D7E4}.Debug|Any CPU.Build.0 = Debug|Any CPU
		{2FF889A6-27E0-465C-BCC8-4602B6A1D7E4}.Release|Any CPU.ActiveCfg = Release|Any CPU
		{2FF889A6-27E0-465C-BCC8-4602B6A1D7E4}.Release|Any CPU.Build.0 = Release|Any CPU
		{2CDDCE82-3DAB-4EAE-88BF-3229DE1673CC}.Debug|Any CPU.ActiveCfg = Debug|Any CPU
		{2CDDCE82-3DAB-4EAE-88BF-3229DE1673CC}.Debug|Any CPU.Build.0 = Debug|Any CPU
		{2CDDCE82-3DAB-4EAE-88BF-3229DE1673CC}.Release|Any CPU.ActiveCfg = Release|Any CPU
		{2CDDCE82-3DAB-4EAE-88BF-3229DE1673CC}.Release|Any CPU.Build.0 = Release|Any CPU
		{12ACDB8E-7912-4C58-9ECB-7C8350AE7587}.Debug|Any CPU.ActiveCfg = Debug|Any CPU
		{12ACDB8E-7912-4C58-9ECB-7C8350AE7587}.Debug|Any CPU.Build.0 = Debug|Any CPU
		{12ACDB8E-7912-4C58-9ECB-7C8350AE7587}.Release|Any CPU.ActiveCfg = Release|Any CPU
		{12ACDB8E-7912-4C58-9ECB-7C8350AE7587}.Release|Any CPU.Build.0 = Release|Any CPU
		{3FFD314F-9547-43D6-B549-B45F5A0F0515}.Debug|Any CPU.ActiveCfg = Debug|Any CPU
		{3FFD314F-9547-43D6-B549-B45F5A0F0515}.Debug|Any CPU.Build.0 = Debug|Any CPU
		{3FFD314F-9547-43D6-B549-B45F5A0F0515}.Release|Any CPU.ActiveCfg = Release|Any CPU
		{3FFD314F-9547-43D6-B549-B45F5A0F0515}.Release|Any CPU.Build.0 = Release|Any CPU
	EndGlobalSection
EndGlobal
